github.com/goccy/go-json v0.10.5 h1:Fq85nIqj+gXn/S5ahsiTlK3TmC85qgirsdTP/+DeaC4=
github.com/goccy/go-json v0.10.5/go.mod h1:oq7eo15ShAhp70Anwd5lgX2pLfOS3QCiwU/PULtXL6M=
github.com/google/uuid v1.6.0 h1:NIvaJDMOsjHA8n1jAhLSgzrAzy1Hgr+hNrb57e+94F0=
github.com/google/uuid v1.6.0/go.mod h1:TIyPZe4MgqvfeYDBFedMoGGpEw/LqOeaOT+nhxU+yHo=
github.com/mahdi-cpp/iris-tools v1.0.18 h1:N54yPdorjr7Tzi3/ol0HcZpNmLkpHltwbALGR87sEtU=
github.com/mahdi-cpp/iris-tools v1.0.18/go.mod h1:siWmXyHbsqWwRjHV7gpBJf7XgnhTcAweq6L6eofFykA=
github.com/mahdi-cpp/iris-tools v1.0.19 h1:/d3HAFDhNip6X3J3jO8+6jQqmP1RxZ4nxA7/wz7ERaM=
github.com/mahdi-cpp/iris-tools v1.0.19/go.mod h1:siWmXyHbsqWwRjHV7gpBJf7XgnhTcAweq6L6eofFykA=
